
Microsoft Visual Studio Solution File, Format Version 12.00
# Visual Studio Version 17
VisualStudioVersion = 17.7.34031.279
MinimumVisualStudioVersion = 10.0.40219.1
Project("{FAE04EC0-301F-11D3-BF4B-00C04F79EFBC}") = "Dev", "Dev.csproj", "{A8BE2CE1-46C0-41A7-BD84-1021A5C85E79}"
EndProject
Project("{2150E333-8FDC-42A3-9474-1A3956D46DE8}") = "tests", "tests", "{0AB3BF05-4346-4AA6-1389-037BE0695223}"
EndProject
Project("{FAE04EC0-301F-11D3-BF4B-00C04F79EFBC}") = "Dev.Tests", "tests\Dev.Tests\Dev.Tests.csproj", "{D7F457E1-F6DC-4017-9C4C-D44227E0ED43}"
EndProject
Global
	GlobalSection(SolutionConfigurationPlatforms) = preSolution
		Debug|Any CPU = Debug|Any CPU
		Debug|x64 = Debug|x64
		Debug|x86 = Debug|x86
		Release|Any CPU = Release|Any CPU
		Release|x64 = Release|x64
		Release|x86 = Release|x86
	EndGlobalSection
	GlobalSection(ProjectConfigurationPlatforms) = postSolution
		{A8BE2CE1-46C0-41A7-BD84-1021A5C85E79}.Debug|Any CPU.ActiveCfg = Debug|Any CPU
		{A8BE2CE1-46C0-41A7-BD84-1021A5C85E79}.Debug|Any CPU.Build.0 = Debug|Any CPU
		{A8BE2CE1-46C0-41A7-BD84-1021A5C85E79}.Debug|x64.ActiveCfg = Debug|Any CPU
		{A8BE2CE1-46C0-41A7-BD84-1021A5C85E79}.Debug|x64.Build.0 = Debug|Any CPU
		{A8BE2CE1-46C0-41A7-BD84-1021A5C85E79}.Debug|x86.ActiveCfg = Debug|Any CPU
		{A8BE2CE1-46C0-41A7-BD84-1021A5C85E79}.Debug|x86.Build.0 = Debug|Any CPU
		{A8BE2CE1-46C0-41A7-BD84-1021A5C85E79}.Release|Any CPU.ActiveCfg = Release|Any CPU
		{A8BE2CE1-46C0-41A7-BD84-1021A5C85E79}.Release|Any CPU.Build.0 = Release|Any CPU
		{A8BE2CE1-46C0-41A7-BD84-1021A5C85E79}.Release|x64.ActiveCfg = Release|Any CPU
		{A8BE2CE1-46C0-41A7-BD84-1021A5C85E79}.Release|x64.Build.0 = Release|Any CPU
		{A8BE2CE1-46C0-41A7-BD84-1021A5C85E79}.Release|x86.ActiveCfg = Release|Any CPU
		{A8BE2CE1-46C0-41A7-BD84-1021A5C85E79}.Release|x86.Build.0 = Release|Any CPU
		{D7F457E1-F6DC-4017-9C4C-D44227E0ED43}.Debug|Any CPU.ActiveCfg = Debug|Any CPU
		{D7F457E1-F6DC-4017-9C4C-D44227E0ED43}.Debug|Any CPU.Build.0 = Debug|Any CPU
		{D7F457E1-F6DC-4017-9C4C-D44227E0ED43}.Debug|x64.ActiveCfg = Debug|Any CPU
		{D7F457E1-F6DC-4017-9C4C-D44227E0ED43}.Debug|x64.Build.0 = Debug|Any CPU
		{D7F457E1-F6DC-4017-9C4C-D44227E0ED43}.Debug|x86.ActiveCfg = Debug|Any CPU
		{D7F457E1-F6DC-4017-9C4C-D44227E0ED43}.Debug|x86.Build.0 = Debug|Any CPU
		{D7F457E1-F6DC-4017-9C4C-D44227E0ED43}.Release|Any CPU.ActiveCfg = Release|Any CPU
		{D7F457E1-F6DC-4017-9C4C-D44227E0ED43}.Release|Any CPU.Build.0 = Release|Any CPU
		{D7F457E1-F6DC-4017-9C4C-D44227E0ED43}.Release|x64.ActiveCfg = Release|Any CPU
		{D7F457E1-F6DC-4017-9C4C-D44227E0ED43}.Release|x64.Build.0 = Release|Any CPU
		{D7F457E1-F6DC-4017-9C4C-D44227E0ED43}.Release|x86.ActiveCfg = Release|Any CPU
		{D7F457E1-F6DC-4017-9C4C-D44227E0ED43}.Release|x86.Build.0 = Release|Any CPU
	EndGlobalSection
	GlobalSection(SolutionProperties) = preSolution
		HideSolutionNode = FALSE
	EndGlobalSection
	GlobalSection(NestedProjects) = preSolution
		{D7F457E1-F6DC-4017-9C4C-D44227E0ED43} = {0AB3BF05-4346-4AA6-1389-037BE0695223}
	EndGlobalSection
	GlobalSection(ExtensibilityGlobals) = postSolution
		SolutionGuid = {A6AB2BC0-3552-4FD9-A7FB-C447C083B622}
	EndGlobalSection
EndGlobal
